
Microsoft Visual Studio Solution File, Format Version 12.00
# Visual Studio Version 16
VisualStudioVersion = 16.0.33130.400
MinimumVisualStudioVersion = 10.0.40219.1
Project("{FAE04EC0-301F-11D3-BF4B-00C04F79EFBC}") = "ListasTest", "ListasTest\ListasTest.csproj", "{E2AB4881-3CD4-4E85-BCCF-2CE6668CC03C}"
EndProject
Global
	GlobalSection(SolutionConfigurationPlatforms) = preSolution
		Debug|Any CPU = Debug|Any CPU
		Release|Any CPU = Release|Any CPU
	EndGlobalSection
	GlobalSection(ProjectConfigurationPlatforms) = postSolution
		{E2AB4881-3CD4-4E85-BCCF-2CE6668CC03C}.Debug|Any CPU.ActiveCfg = Debug|Any CPU
		{E2AB4881-3CD4-4E85-BCCF-2CE6668CC03C}.Debug|Any CPU.Build.0 = Debug|Any CPU
		{E2AB4881-3CD4-4E85-BCCF-2CE6668CC03C}.Release|Any CPU.ActiveCfg = Release|Any CPU
		{E2AB4881-3CD4-4E85-BCCF-2CE6668CC03C}.Release|Any CPU.Build.0 = Release|Any CPU
	EndGlobalSection
	GlobalSection(SolutionProperties) = preSolution
		HideSolutionNode = FALSE
	EndGlobalSection
	GlobalSection(ExtensibilityGlobals) = postSolution
		SolutionGuid = {970EB5CF-8250-4D47-92B4-FAB2D4A8296A}
	EndGlobalSection
EndGlobal
